// !$*UTF8*$!
{
	archiveVersion = 1;
	classes = {
	};
	objectVersion = 51;
	objects = {

/* Begin PBXBuildFile section */
		768427A724ECC0DA00F93F0A /* AppDelegate.swift in Sources */ = {isa = PBXBuildFile; fileRef = 768427A624ECC0DA00F93F0A /* AppDelegate.swift */; };
		768427A924ECC0DA00F93F0A /* SceneDelegate.swift in Sources */ = {isa = PBXBuildFile; fileRef = 768427A824ECC0DA00F93F0A /* SceneDelegate.swift */; };
		768427AB24ECC0DA00F93F0A /* ContentView.swift in Sources */ = {isa = PBXBuildFile; fileRef = 768427AA24ECC0DA00F93F0A /* ContentView.swift */; };
		768427AD24ECC0DE00F93F0A /* Assets.xcassets in Resources */ = {isa = PBXBuildFile; fileRef = 768427AC24ECC0DE00F93F0A /* Assets.xcassets */; };
		768427B024ECC0DE00F93F0A /* Preview Assets.xcassets in Resources */ = {isa = PBXBuildFile; fileRef = 768427AF24ECC0DE00F93F0A /* Preview Assets.xcassets */; };
		768427B324ECC0DE00F93F0A /* LaunchScreen.storyboard in Resources */ = {isa = PBXBuildFile; fileRef = 768427B124ECC0DE00F93F0A /* LaunchScreen.storyboard */; };
		768427BE24ECC0DE00F93F0A /* Email_Login_PageTests.swift in Sources */ = {isa = PBXBuildFile; fileRef = 768427BD24ECC0DE00F93F0A /* Email_Login_PageTests.swift */; };
		768427C924ECC0DE00F93F0A /* Email_Login_PageUITests.swift in Sources */ = {isa = PBXBuildFile; fileRef = 768427C824ECC0DE00F93F0A /* Email_Login_PageUITests.swift */; };
		768D17C424ED85D700070053 /* GoogleService-Info.plist in Resources */ = {isa = PBXBuildFile; fileRef = 768D17C324ED85D700070053 /* GoogleService-Info.plist */; };
/* End PBXBuildFile section */

/* Begin PBXContainerItemProxy section */
		768427BA24ECC0DE00F93F0A /* PBXContainerItemProxy */ = {
			isa = PBXContainerItemProxy;
			containerPortal = 7684279B24ECC0DA00F93F0A /* Project object */;
			proxyType = 1;
			remoteGlobalIDString = 768427A224ECC0DA00F93F0A;
			remoteInfo = "Email Login Page";
		};
		768427C524ECC0DE00F93F0A /* PBXContainerItemProxy */ = {
			isa = PBXContainerItemProxy;
			containerPortal = 7684279B24ECC0DA00F93F0A /* Project object */;
			proxyType = 1;
			remoteGlobalIDString = 768427A224ECC0DA00F93F0A;
			remoteInfo = "Email Login Page";
		};
/* End PBXContainerItemProxy section */

/* Begin PBXFileReference section */
		0A0DD3C550B878E439866F5D /* Pods-Email Login Page.release.xcconfig */ = {isa = PBXFileReference; includeInIndex = 1; lastKnownFileType = text.xcconfig; name = "Pods-Email Login Page.release.xcconfig"; path = "Target Support Files/Pods-Email Login Page/Pods-Email Login Page.release.xcconfig"; sourceTree = "<group>"; };
		332CC246BF2119BD1CEB66EA /* Pods-Email Login Page-Email Login PageUITests.debug.xcconfig */ = {isa = PBXFileReference; includeInIndex = 1; lastKnownFileType = text.xcconfig; name = "Pods-Email Login Page-Email Login PageUITests.debug.xcconfig"; path = "Target Support Files/Pods-Email Login Page-Email Login PageUITests/Pods-Email Login Page-Email Login PageUITests.debug.xcconfig"; sourceTree = "<group>"; };
		556AC5ACA4F1AF34EF4F81C0 /* Pods-Email Login Page-Email Login PageUITests.release.xcconfig */ = {isa = PBXFileReference; includeInIndex = 1; lastKnownFileType = text.xcconfig; name = "Pods-Email Login Page-Email Login PageUITests.release.xcconfig"; path = "Target Support Files/Pods-Email Login Page-Email Login PageUITests/Pods-Email Login Page-Email Login PageUITests.release.xcconfig"; sourceTree = "<group>"; };
		768427A324ECC0DA00F93F0A /* Email Login Page.app */ = {isa = PBXFileReference; explicitFileType = wrapper.application; includeInIndex = 0; path = "Email Login Page.app"; sourceTree = BUILT_PRODUCTS_DIR; };
		768427A624ECC0DA00F93F0A /* AppDelegate.swift */ = {isa = PBXFileReference; lastKnownFileType = sourcecode.swift; path = AppDelegate.swift; sourceTree = "<group>"; };
		768427A824ECC0DA00F93F0A /* SceneDelegate.swift */ = {isa = PBXFileReference; lastKnownFileType = sourcecode.swift; path = SceneDelegate.swift; sourceTree = "<group>"; };
		768427AA24ECC0DA00F93F0A /* ContentView.swift */ = {isa = PBXFileReference; lastKnownFileType = sourcecode.swift; path = ContentView.swift; sourceTree = "<group>"; };
		768427AC24ECC0DE00F93F0A /* Assets.xcassets */ = {isa = PBXFileReference; lastKnownFileType = folder.assetcatalog; path = Assets.xcassets; sourceTree = "<group>"; };
		768427AF24ECC0DE00F93F0A /* Preview Assets.xcassets */ = {isa = PBXFileReference; lastKnownFileType = folder.assetcatalog; path = "Preview Assets.xcassets"; sourceTree = "<group>"; };
		768427B224ECC0DE00F93F0A /* Base */ = {isa = PBXFileReference; lastKnownFileType = file.storyboard; name = Base; path = Base.lproj/LaunchScreen.storyboard; sourceTree = "<group>"; };
		768427B424ECC0DE00F93F0A /* Info.plist */ = {isa = PBXFileReference; lastKnownFileType = text.plist.xml; path = Info.plist; sourceTree = "<group>"; };
		768427B924ECC0DE00F93F0A /* Email Login PageTests.xctest */ = {isa = PBXFileReference; explicitFileType = wrapper.cfbundle; includeInIndex = 0; path = "Email Login PageTests.xctest"; sourceTree = BUILT_PRODUCTS_DIR; };
		768427BD24ECC0DE00F93F0A /* Email_Login_PageTests.swift */ = {isa = PBXFileReference; lastKnownFileType = sourcecode.swift; path = Email_Login_PageTests.swift; sourceTree = "<group>"; };
		768427BF24ECC0DE00F93F0A /* Info.plist */ = {isa = PBXFileReference; lastKnownFileType = text.plist.xml; path = Info.plist; sourceTree = "<group>"; };
		768427C424ECC0DE00F93F0A /* Email Login PageUITests.xctest */ = {isa = PBXFileReference; explicitFileType = wrapper.cfbundle; includeInIndex = 0; path = "Email Login PageUITests.xctest"; sourceTree = BUILT_PRODUCTS_DIR; };
		768427C824ECC0DE00F93F0A /* Email_Login_PageUITests.swift */ = {isa = PBXFileReference; lastKnownFileType = sourcecode.swift; path = Email_Login_PageUITests.swift; sourceTree = "<group>"; };
		768427CA24ECC0DE00F93F0A /* Info.plist */ = {isa = PBXFileReference; lastKnownFileType = text.plist.xml; path = Info.plist; sourceTree = "<group>"; };
		768D17C324ED85D700070053 /* GoogleService-Info.plist */ = {isa = PBXFileReference; fileEncoding = 4; lastKnownFileType = text.plist.xml; path = "GoogleService-Info.plist"; sourceTree = "<group>"; };
		77FC48CA68A41338B0046989 /* Pods-Email Login PageTests.release.xcconfig */ = {isa = PBXFileReference; includeInIndex = 1; lastKnownFileType = text.xcconfig; name = "Pods-Email Login PageTests.release.xcconfig"; path = "Target Support Files/Pods-Email Login PageTests/Pods-Email Login PageTests.release.xcconfig"; sourceTree = "<group>"; };
		9D76B2978D97217D7B89795F /* Pods-Email Login Page.debug.xcconfig */ = {isa = PBXFileReference; includeInIndex = 1; lastKnownFileType = text.xcconfig; name = "Pods-Email Login Page.debug.xcconfig"; path = "Target Support Files/Pods-Email Login Page/Pods-Email Login Page.debug.xcconfig"; sourceTree = "<group>"; };
		A3EF781212BCCA4FA3B5D539 /* Pods-Email Login PageTests.debug.xcconfig */ = {isa = PBXFileReference; includeInIndex = 1; lastKnownFileType = text.xcconfig; name = "Pods-Email Login PageTests.debug.xcconfig"; path = "Target Support Files/Pods-Email Login PageTests/Pods-Email Login PageTests.debug.xcconfig"; sourceTree = "<group>"; };
/* End PBXFileReference section */

/* Begin PBXFrameworksBuildPhase section */
		768427A024ECC0DA00F93F0A /* Frameworks */ = {
			isa = PBXFrameworksBuildPhase;
			buildActionMask = 2147483647;
			files = (
			);
			runOnlyForDeploymentPostprocessing = 0;
		};
		768427B624ECC0DE00F93F0A /* Frameworks */ = {
			isa = PBXFrameworksBuildPhase;
			buildActionMask = 2147483647;
			files = (
			);
			runOnlyForDeploymentPostprocessing = 0;
		};
		768427C124ECC0DE00F93F0A /* Frameworks */ = {
			isa = PBXFrameworksBuildPhase;
			buildActionMask = 2147483647;
			files = (
			);
			runOnlyForDeploymentPostprocessing = 0;
		};
/* End PBXFrameworksBuildPhase section */

/* Begin PBXGroup section */
		23E8C681EB27929F21BB03F2 /* Pods */ = {
			isa = PBXGroup;
			children = (
				9D76B2978D97217D7B89795F /* Pods-Email Login Page.debug.xcconfig */,
				0A0DD3C550B878E439866F5D /* Pods-Email Login Page.release.xcconfig */,
				332CC246BF2119BD1CEB66EA /* Pods-Email Login Page-Email Login PageUITests.debug.xcconfig */,
				556AC5ACA4F1AF34EF4F81C0 /* Pods-Email Login Page-Email Login PageUITests.release.xcconfig */,
				A3EF781212BCCA4FA3B5D539 /* Pods-Email Login PageTests.debug.xcconfig */,
				77FC48CA68A41338B0046989 /* Pods-Email Login PageTests.release.xcconfig */,
			);
			path = Pods;
			sourceTree = "<group>";
		};
		7684279A24ECC0DA00F93F0A = {
			isa = PBXGroup;
			children = (
				768427A524ECC0DA00F93F0A /* Email Login Page */,
				768427BC24ECC0DE00F93F0A /* Email Login PageTests */,
				768427C724ECC0DE00F93F0A /* Email Login PageUITests */,
				768427A424ECC0DA00F93F0A /* Products */,
				23E8C681EB27929F21BB03F2 /* Pods */,
				A8D550FC044C1EEAFE5E7887 /* Frameworks */,
			);
			sourceTree = "<group>";
		};
		768427A424ECC0DA00F93F0A /* Products */ = {
			isa = PBXGroup;
			children = (
				768427A324ECC0DA00F93F0A /* Email Login Page.app */,
				768427B924ECC0DE00F93F0A /* Email Login PageTests.xctest */,
				768427C424ECC0DE00F93F0A /* Email Login PageUITests.xctest */,
			);
			name = Products;
			sourceTree = "<group>";
		};
		768427A524ECC0DA00F93F0A /* Email Login Page */ = {
			isa = PBXGroup;
			children = (
				768427A624ECC0DA00F93F0A /* AppDelegate.swift */,
				768427A824ECC0DA00F93F0A /* SceneDelegate.swift */,
				768427AA24ECC0DA00F93F0A /* ContentView.swift */,
				768427AC24ECC0DE00F93F0A /* Assets.xcassets */,
				768427B124ECC0DE00F93F0A /* LaunchScreen.storyboard */,
				768427B424ECC0DE00F93F0A /* Info.plist */,
				768D17C324ED85D700070053 /* GoogleService-Info.plist */,
				768427AE24ECC0DE00F93F0A /* Preview Content */,
			);
			path = "Email Login Page";
			sourceTree = "<group>";
		};
		768427AE24ECC0DE00F93F0A /* Preview Content */ = {
			isa = PBXGroup;
			children = (
				768427AF24ECC0DE00F93F0A /* Preview Assets.xcassets */,
			);
			path = "Preview Content";
			sourceTree = "<group>";
		};
		768427BC24ECC0DE00F93F0A /* Email Login PageTests */ = {
			isa = PBXGroup;
			children = (
				768427BD24ECC0DE00F93F0A /* Email_Login_PageTests.swift */,
				768427BF24ECC0DE00F93F0A /* Info.plist */,
			);
			path = "Email Login PageTests";
			sourceTree = "<group>";
		};
		768427C724ECC0DE00F93F0A /* Email Login PageUITests */ = {
			isa = PBXGroup;
			children = (
				768427C824ECC0DE00F93F0A /* Email_Login_PageUITests.swift */,
				768427CA24ECC0DE00F93F0A /* Info.plist */,
			);
			path = "Email Login PageUITests";
			sourceTree = "<group>";
		};
		A8D550FC044C1EEAFE5E7887 /* Frameworks */ = {
			isa = PBXGroup;
			children = (
			);
			name = Frameworks;
			sourceTree = "<group>";
		};
/* End PBXGroup section */

/* Begin PBXNativeTarget section */
		768427A224ECC0DA00F93F0A /* Email Login Page */ = {
			isa = PBXNativeTarget;
			buildConfigurationList = 768427CD24ECC0DE00F93F0A /* Build configuration list for PBXNativeTarget "Email Login Page" */;
			buildPhases = (
				EC336E94238D268DE02B5D0B /* [CP] Check Pods Manifest.lock */,
				7684279F24ECC0DA00F93F0A /* Sources */,
				768427A024ECC0DA00F93F0A /* Frameworks */,
				768427A124ECC0DA00F93F0A /* Resources */,
				72EE289341489D81F9C59651 /* [CP] Embed Pods Frameworks */,
			);
			buildRules = (
			);
			dependencies = (
			);
			name = "Email Login Page";
			productName = "Email Login Page";
			productReference = 768427A324ECC0DA00F93F0A /* Email Login Page.app */;
			productType = "com.apple.product-type.application";
		};
		768427B824ECC0DE00F93F0A /* Email Login PageTests */ = {
			isa = PBXNativeTarget;
			buildConfigurationList = 768427D024ECC0DE00F93F0A /* Build configuration list for PBXNativeTarget "Email Login PageTests" */;
			buildPhases = (
				AFE8B62A671FFFABDD299F4B /* [CP] Check Pods Manifest.lock */,
				768427B524ECC0DE00F93F0A /* Sources */,
				768427B624ECC0DE00F93F0A /* Frameworks */,
				768427B724ECC0DE00F93F0A /* Resources */,
			);
			buildRules = (
			);
			dependencies = (
				768427BB24ECC0DE00F93F0A /* PBXTargetDependency */,
			);
			name = "Email Login PageTests";
			productName = "Email Login PageTests";
			productReference = 768427B924ECC0DE00F93F0A /* Email Login PageTests.xctest */;
			productType = "com.apple.product-type.bundle.unit-test";
		};
		768427C324ECC0DE00F93F0A /* Email Login PageUITests */ = {
			isa = PBXNativeTarget;
			buildConfigurationList = 768427D324ECC0DE00F93F0A /* Build configuration list for PBXNativeTarget "Email Login PageUITests" */;
			buildPhases = (
				722F5FB9BD660D11D7B42AE1 /* [CP] Check Pods Manifest.lock */,
				768427C024ECC0DE00F93F0A /* Sources */,
				768427C124ECC0DE00F93F0A /* Frameworks */,
				768427C224ECC0DE00F93F0A /* Resources */,
				8EC7EA4C648BD80ED5D3C43A /* [CP] Embed Pods Frameworks */,
			);
			buildRules = (
			);
			dependencies = (
				768427C624ECC0DE00F93F0A /* PBXTargetDependency */,
			);
			name = "Email Login PageUITests";
			productName = "Email Login PageUITests";
			productReference = 768427C424ECC0DE00F93F0A /* Email Login PageUITests.xctest */;
			productType = "com.apple.product-type.bundle.ui-testing";
		};
/* End PBXNativeTarget section */

/* Begin PBXProject section */
		7684279B24ECC0DA00F93F0A /* Project object */ = {
			isa = PBXProject;
			attributes = {
				LastSwiftUpdateCheck = 1160;
				LastUpgradeCheck = 1160;
				ORGANIZATIONNAME = "Nguyen Viet Tien";
				TargetAttributes = {
					768427A224ECC0DA00F93F0A = {
						CreatedOnToolsVersion = 11.6;
					};
					768427B824ECC0DE00F93F0A = {
						CreatedOnToolsVersion = 11.6;
						TestTargetID = 768427A224ECC0DA00F93F0A;
					};
					768427C324ECC0DE00F93F0A = {
						CreatedOnToolsVersion = 11.6;
						TestTargetID = 768427A224ECC0DA00F93F0A;
					};
				};
			};
			buildConfigurationList = 7684279E24ECC0DA00F93F0A /* Build configuration list for PBXProject "Email Login Page" */;
			compatibilityVersion = "Xcode 9.3";
			developmentRegion = en;
			hasScannedForEncodings = 0;
			knownRegions = (
				en,
				Base,
			);
			mainGroup = 7684279A24ECC0DA00F93F0A;
			productRefGroup = 768427A424ECC0DA00F93F0A /* Products */;
			projectDirPath = "";
			projectRoot = "";
			targets = (
				768427A224ECC0DA00F93F0A /* Email Login Page */,
				768427B824ECC0DE00F93F0A /* Email Login PageTests */,
				768427C324ECC0DE00F93F0A /* Email Login PageUITests */,
			);
		};
/* End PBXProject section */

/* Begin PBXResourcesBuildPhase section */
		768427A124ECC0DA00F93F0A /* Resources */ = {
			isa = PBXResourcesBuildPhase;
			buildActionMask = 2147483647;
			files = (
				768427B324ECC0DE00F93F0A /* LaunchScreen.storyboard in Resources */,
				768D17C424ED85D700070053 /* GoogleService-Info.plist in Resources */,
				768427B024ECC0DE00F93F0A /* Preview Assets.xcassets in Resources */,
				768427AD24ECC0DE00F93F0A /* Assets.xcassets in Resources */,
			);
			runOnlyForDeploymentPostprocessing = 0;
		};
		768427B724ECC0DE00F93F0A /* Resources */ = {
			isa = PBXResourcesBuildPhase;
			buildActionMask = 2147483647;
			files = (
			);
			runOnlyForDeploymentPostprocessing = 0;
		};
		768427C224ECC0DE00F93F0A /* Resources */ = {
			isa = PBXResourcesBuildPhase;
			buildActionMask = 2147483647;
			files = (
			);
			runOnlyForDeploymentPostprocessing = 0;
		};
/* End PBXResourcesBuildPhase section */

/* Begin PBXShellScriptBuildPhase section */
		722F5FB9BD660D11D7B42AE1 /* [CP] Check Pods Manifest.lock */ = {
			isa = PBXShellScriptBuildPhase;
			buildActionMask = 2147483647;
			files = (
			);
			inputFileListPaths = (
			);
			inputPaths = (
				"${PODS_PODFILE_DIR_PATH}/Podfile.lock",
				"${PODS_ROOT}/Manifest.lock",
			);
			name = "[CP] Check Pods Manifest.lock";
			outputFileListPaths = (
			);
			outputPaths = (
				"$(DERIVED_FILE_DIR)/Pods-Email Login Page-Email Login PageUITests-checkManifestLockResult.txt",
			);
			runOnlyForDeploymentPostprocessing = 0;
			shellPath = /bin/sh;
			shellScript = "diff \"${PODS_PODFILE_DIR_PATH}/Podfile.lock\" \"${PODS_ROOT}/Manifest.lock\" > /dev/null\nif [ $? != 0 ] ; then\n    # print error to STDERR\n    echo \"error: The sandbox is not in sync with the Podfile.lock. Run 'pod install' or update your CocoaPods installation.\" >&2\n    exit 1\nfi\n# This output is used by Xcode 'outputs' to avoid re-running this script phase.\necho \"SUCCESS\" > \"${SCRIPT_OUTPUT_FILE_0}\"\n";
			showEnvVarsInLog = 0;
		};
		72EE289341489D81F9C59651 /* [CP] Embed Pods Frameworks */ = {
			isa = PBXShellScriptBuildPhase;
			buildActionMask = 2147483647;
			files = (
			);
			inputFileListPaths = (
				"${PODS_ROOT}/Target Support Files/Pods-Email Login Page/Pods-Email Login Page-frameworks-${CONFIGURATION}-input-files.xcfilelist",
			);
			name = "[CP] Embed Pods Frameworks";
			outputFileListPaths = (
				"${PODS_ROOT}/Target Support Files/Pods-Email Login Page/Pods-Email Login Page-frameworks-${CONFIGURATION}-output-files.xcfilelist",
			);
			runOnlyForDeploymentPostprocessing = 0;
			shellPath = /bin/sh;
			shellScript = "\"${PODS_ROOT}/Target Support Files/Pods-Email Login Page/Pods-Email Login Page-frameworks.sh\"\n";
			showEnvVarsInLog = 0;
		};
		8EC7EA4C648BD80ED5D3C43A /* [CP] Embed Pods Frameworks */ = {
			isa = PBXShellScriptBuildPhase;
			buildActionMask = 2147483647;
			files = (
			);
			inputFileListPaths = (
				"${PODS_ROOT}/Target Support Files/Pods-Email Login Page-Email Login PageUITests/Pods-Email Login Page-Email Login PageUITests-frameworks-${CONFIGURATION}-input-files.xcfilelist",
			);
			name = "[CP] Embed Pods Frameworks";
			outputFileListPaths = (
				"${PODS_ROOT}/Target Support Files/Pods-Email Login Page-Email Login PageUITests/Pods-Email Login Page-Email Login PageUITests-frameworks-${CONFIGURATION}-output-files.xcfilelist",
			);
			runOnlyForDeploymentPostprocessing = 0;
			shellPath = /bin/sh;
			shellScript = "\"${PODS_ROOT}/Target Support Files/Pods-Email Login Page-Email Login PageUITests/Pods-Email Login Page-Email Login PageUITests-frameworks.sh\"\n";
			showEnvVarsInLog = 0;
		};
		AFE8B62A671FFFABDD299F4B /* [CP] Check Pods Manifest.lock */ = {
			isa = PBXShellScriptBuildPhase;
			buildActionMask = 2147483647;
			files = (
			);
			inputFileListPaths = (
			);
			inputPaths = (
				"${PODS_PODFILE_DIR_PATH}/Podfile.lock",
				"${PODS_ROOT}/Manifest.lock",
			);
			name = "[CP] Check Pods Manifest.lock";
			outputFileListPaths = (
			);
			outputPaths = (
				"$(DERIVED_FILE_DIR)/Pods-Email Login PageTests-checkManifestLockResult.txt",
			);
			runOnlyForDeploymentPostprocessing = 0;
			shellPath = /bin/sh;
			shellScript = "diff \"${PODS_PODFILE_DIR_PATH}/Podfile.lock\" \"${PODS_ROOT}/Manifest.lock\" > /dev/null\nif [ $? != 0 ] ; then\n    # print error to STDERR\n    echo \"error: The sandbox is not in sync with the Podfile.lock. Run 'pod install' or update your CocoaPods installation.\" >&2\n    exit 1\nfi\n# This output is used by Xcode 'outputs' to avoid re-running this script phase.\necho \"SUCCESS\" > \"${SCRIPT_OUTPUT_FILE_0}\"\n";
			showEnvVarsInLog = 0;
		};
		EC336E94238D268DE02B5D0B /* [CP] Check Pods Manifest.lock */ = {
			isa = PBXShellScriptBuildPhase;
			buildActionMask = 2147483647;
			files = (
			);
			inputFileListPaths = (
			);
			inputPaths = (
				"${PODS_PODFILE_DIR_PATH}/Podfile.lock",
				"${PODS_ROOT}/Manifest.lock",
			);
			name = "[CP] Check Pods Manifest.lock";
			outputFileListPaths = (
			);
			outputPaths = (
				"$(DERIVED_FILE_DIR)/Pods-Email Login Page-checkManifestLockResult.txt",
			);
			runOnlyForDeploymentPostprocessing = 0;
			shellPath = /bin/sh;
			shellScript = "diff \"${PODS_PODFILE_DIR_PATH}/Podfile.lock\" \"${PODS_ROOT}/Manifest.lock\" > /dev/null\nif [ $? != 0 ] ; then\n    # print error to STDERR\n    echo \"error: The sandbox is not in sync with the Podfile.lock. Run 'pod install' or update your CocoaPods installation.\" >&2\n    exit 1\nfi\n# This output is used by Xcode 'outputs' to avoid re-running this script phase.\necho \"SUCCESS\" > \"${SCRIPT_OUTPUT_FILE_0}\"\n";
			showEnvVarsInLog = 0;
		};
/* End PBXShellScriptBuildPhase section */

/* Begin PBXSourcesBuildPhase section */
		7684279F24ECC0DA00F93F0A /* Sources */ = {
			isa = PBXSourcesBuildPhase;
			buildActionMask = 2147483647;
			files = (
				768427A724ECC0DA00F93F0A /* AppDelegate.swift in Sources */,
				768427A924ECC0DA00F93F0A /* SceneDelegate.swift in Sources */,
				768427AB24ECC0DA00F93F0A /* ContentView.swift in Sources */,
			);
			runOnlyForDeploymentPostprocessing = 0;
		};
		768427B524ECC0DE00F93F0A /* Sources */ = {
			isa = PBXSourcesBuildPhase;
			buildActionMask = 2147483647;
			files = (
				768427BE24ECC0DE00F93F0A /* Email_Login_PageTests.swift in Sources */,
			);
			runOnlyForDeploymentPostprocessing = 0;
		};
		768427C024ECC0DE00F93F0A /* Sources */ = {
			isa = PBXSourcesBuildPhase;
			buildActionMask = 2147483647;
			files = (
				768427C924ECC0DE00F93F0A /* Email_Login_PageUITests.swift in Sources */,
			);
			runOnlyForDeploymentPostprocessing = 0;
		};
/* End PBXSourcesBuildPhase section */

/* Begin PBXTargetDependency section */
		768427BB24ECC0DE00F93F0A /* PBXTargetDependency */ = {
			isa = PBXTargetDependency;
			target = 768427A224ECC0DA00F93F0A /* Email Login Page */;
			targetProxy = 768427BA24ECC0DE00F93F0A /* PBXContainerItemProxy */;
		};
		768427C624ECC0DE00F93F0A /* PBXTargetDependency */ = {
			isa = PBXTargetDependency;
			target = 768427A224ECC0DA00F93F0A /* Email Login Page */;
			targetProxy = 768427C524ECC0DE00F93F0A /* PBXContainerItemProxy */;
		};
/* End PBXTargetDependency section */

/* Begin PBXVariantGroup section */
		768427B124ECC0DE00F93F0A /* LaunchScreen.storyboard */ = {
			isa = PBXVariantGroup;
			children = (
				768427B224ECC0DE00F93F0A /* Base */,
			);
			name = LaunchScreen.storyboard;
			sourceTree = "<group>";
		};
/* End PBXVariantGroup section */

/* Begin XCBuildConfiguration section */
		768427CB24ECC0DE00F93F0A /* Debug */ = {
			isa = XCBuildConfiguration;
			buildSettings = {
				ALWAYS_SEARCH_USER_PATHS = NO;
				CLANG_ANALYZER_NONNULL = YES;
				CLANG_ANALYZER_NUMBER_OBJECT_CONVERSION = YES_AGGRESSIVE;
				CLANG_CXX_LANGUAGE_STANDARD = "gnu++14";
				CLANG_CXX_LIBRARY = "libc++";
				CLANG_ENABLE_MODULES = YES;
				CLANG_ENABLE_OBJC_ARC = YES;
				CLANG_ENABLE_OBJC_WEAK = YES;
				CLANG_WARN_BLOCK_CAPTURE_AUTORELEASING = YES;
				CLANG_WARN_BOOL_CONVERSION = YES;
				CLANG_WARN_COMMA = YES;
				CLANG_WARN_CONSTANT_CONVERSION = YES;
				CLANG_WARN_DEPRECATED_OBJC_IMPLEMENTATIONS = YES;
				CLANG_WARN_DIRECT_OBJC_ISA_USAGE = YES_ERROR;
				CLANG_WARN_DOCUMENTATION_COMMENTS = YES;
				CLANG_WARN_EMPTY_BODY = YES;
				CLANG_WARN_ENUM_CONVERSION = YES;
				CLANG_WARN_INFINITE_RECURSION = YES;
				CLANG_WARN_INT_CONVERSION = YES;
				CLANG_WARN_NON_LITERAL_NULL_CONVERSION = YES;
				CLANG_WARN_OBJC_IMPLICIT_RETAIN_SELF = YES;
				CLANG_WARN_OBJC_LITERAL_CONVERSION = YES;
				CLANG_WARN_OBJC_ROOT_CLASS = YES_ERROR;
				CLANG_WARN_RANGE_LOOP_ANALYSIS = YES;
				CLANG_WARN_STRICT_PROTOTYPES = YES;
				CLANG_WARN_SUSPICIOUS_MOVE = YES;
				CLANG_WARN_UNGUARDED_AVAILABILITY = YES_AGGRESSIVE;
				CLANG_WARN_UNREACHABLE_CODE = YES;
				CLANG_WARN__DUPLICATE_METHOD_MATCH = YES;
				COPY_PHASE_STRIP = NO;
				DEBUG_INFORMATION_FORMAT = dwarf;
				ENABLE_STRICT_OBJC_MSGSEND = YES;
				ENABLE_TESTABILITY = YES;
				GCC_C_LANGUAGE_STANDARD = gnu11;
				GCC_DYNAMIC_NO_PIC = NO;
				GCC_NO_COMMON_BLOCKS = YES;
				GCC_OPTIMIZATION_LEVEL = 0;
				GCC_PREPROCESSOR_DEFINITIONS = (
					"DEBUG=1",
					"$(inherited)",
				);
				GCC_WARN_64_TO_32_BIT_CONVERSION = YES;
				GCC_WARN_ABOUT_RETURN_TYPE = YES_ERROR;
				GCC_WARN_UNDECLARED_SELECTOR = YES;
				GCC_WARN_UNINITIALIZED_AUTOS = YES_AGGRESSIVE;
				GCC_WARN_UNUSED_FUNCTION = YES;
				GCC_WARN_UNUSED_VARIABLE = YES;
				IPHONEOS_DEPLOYMENT_TARGET = 13.6;
				MTL_ENABLE_DEBUG_INFO = INCLUDE_SOURCE;
				MTL_FAST_MATH = YES;
				ONLY_ACTIVE_ARCH = YES;
				SDKROOT = iphoneos;
				SWIFT_ACTIVE_COMPILATION_CONDITIONS = DEBUG;
				SWIFT_OPTIMIZATION_LEVEL = "-Onone";
			};
			name = Debug;
		};
		768427CC24ECC0DE00F93F0A /* Release */ = {
			isa = XCBuildConfiguration;
			buildSettings = {
				ALWAYS_SEARCH_USER_PATHS = NO;
				CLANG_ANALYZER_NONNULL = YES;
				CLANG_ANALYZER_NUMBER_OBJECT_CONVERSION = YES_AGGRESSIVE;
				CLANG_CXX_LANGUAGE_STANDARD = "gnu++14";
				CLANG_CXX_LIBRARY = "libc++";
				CLANG_ENABLE_MODULES = YES;
				CLANG_ENABLE_OBJC_ARC = YES;
				CLANG_ENABLE_OBJC_WEAK = YES;
				CLANG_WARN_BLOCK_CAPTURE_AUTORELEASING = YES;
				CLANG_WARN_BOOL_CONVERSION = YES;
				CLANG_WARN_COMMA = YES;
				CLANG_WARN_CONSTANT_CONVERSION = YES;
				CLANG_WARN_DEPRECATED_OBJC_IMPLEMENTATIONS = YES;
				CLANG_WARN_DIRECT_OBJC_ISA_USAGE = YES_ERROR;
				CLANG_WARN_DOCUMENTATION_COMMENTS = YES;
				CLANG_WARN_EMPTY_BODY = YES;
				CLANG_WARN_ENUM_CONVERSION = YES;
				CLANG_WARN_INFINITE_RECURSION = YES;
				CLANG_WARN_INT_CONVERSION = YES;
				CLANG_WARN_NON_LITERAL_NULL_CONVERSION = YES;
				CLANG_WARN_OBJC_IMPLICIT_RETAIN_SELF = YES;
				CLANG_WARN_OBJC_LITERAL_CONVERSION = YES;
				CLANG_WARN_OBJC_ROOT_CLASS = YES_ERROR;
				CLANG_WARN_RANGE_LOOP_ANALYSIS = YES;
				CLANG_WARN_STRICT_PROTOTYPES = YES;
				CLANG_WARN_SUSPICIOUS_MOVE = YES;
				CLANG_WARN_UNGUARDED_AVAILABILITY = YES_AGGRESSIVE;
				CLANG_WARN_UNREACHABLE_CODE = YES;
				CLANG_WARN__DUPLICATE_METHOD_MATCH = YES;
				COPY_PHASE_STRIP = NO;
				DEBUG_INFORMATION_FORMAT = "dwarf-with-dsym";
				ENABLE_NS_ASSERTIONS = NO;
				ENABLE_STRICT_OBJC_MSGSEND = YES;
				GCC_C_LANGUAGE_STANDARD = gnu11;
				GCC_NO_COMMON_BLOCKS = YES;
				GCC_WARN_64_TO_32_BIT_CONVERSION = YES;
				GCC_WARN_ABOUT_RETURN_TYPE = YES_ERROR;
				GCC_WARN_UNDECLARED_SELECTOR = YES;
				GCC_WARN_UNINITIALIZED_AUTOS = YES_AGGRESSIVE;
				GCC_WARN_UNUSED_FUNCTION = YES;
				GCC_WARN_UNUSED_VARIABLE = YES;
				IPHONEOS_DEPLOYMENT_TARGET = 13.6;
				MTL_ENABLE_DEBUG_INFO = NO;
				MTL_FAST_MATH = YES;
				SDKROOT = iphoneos;
				SWIFT_COMPILATION_MODE = wholemodule;
				SWIFT_OPTIMIZATION_LEVEL = "-O";
				VALIDATE_PRODUCT = YES;
			};
			name = Release;
		};
		768427CE24ECC0DE00F93F0A /* Debug */ = {
			isa = XCBuildConfiguration;
			baseConfigurationReference = 9D76B2978D97217D7B89795F /* Pods-Email Login Page.debug.xcconfig */;
			buildSettings = {
				ASSETCATALOG_COMPILER_APPICON_NAME = AppIcon;
				CODE_SIGN_STYLE = Automatic;
				DEVELOPMENT_ASSET_PATHS = "\"Email Login Page/Preview Content\"";
				ENABLE_PREVIEWS = YES;
				INFOPLIST_FILE = "Email Login Page/Info.plist";
				LD_RUNPATH_SEARCH_PATHS = (
					"$(inherited)",
					"@executable_path/Frameworks",
				);
				PRODUCT_BUNDLE_IDENTIFIER = "viettiennguyen.Email-Login-Page";
				PRODUCT_NAME = "$(TARGET_NAME)";
				SWIFT_VERSION = 5.0;
				TARGETED_DEVICE_FAMILY = "1,2";
			};
			name = Debug;
		};
		768427CF24ECC0DE00F93F0A /* Release */ = {
			isa = XCBuildConfiguration;
			baseConfigurationReference = 0A0DD3C550B878E439866F5D /* Pods-Email Login Page.release.xcconfig */;
			buildSettings = {
				ASSETCATALOG_COMPILER_APPICON_NAME = AppIcon;
				CODE_SIGN_STYLE = Automatic;
				DEVELOPMENT_ASSET_PATHS = "\"Email Login Page/Preview Content\"";
				ENABLE_PREVIEWS = YES;
				INFOPLIST_FILE = "Email Login Page/Info.plist";
				LD_RUNPATH_SEARCH_PATHS = (
					"$(inherited)",
					"@executable_path/Frameworks",
				);
				PRODUCT_BUNDLE_IDENTIFIER = "viettiennguyen.Email-Login-Page";
				PRODUCT_NAME = "$(TARGET_NAME)";
				SWIFT_VERSION = 5.0;
				TARGETED_DEVICE_FAMILY = "1,2";
			};
			name = Release;
		};
		768427D124ECC0DE00F93F0A /* Debug */ = {
			isa = XCBuildConfiguration;
			baseConfigurationReference = A3EF781212BCCA4FA3B5D539 /* Pods-Email Login PageTests.debug.xcconfig */;
			buildSettings = {
				ALWAYS_EMBED_SWIFT_STANDARD_LIBRARIES = YES;
				BUNDLE_LOADER = "$(TEST_HOST)";
				CODE_SIGN_STYLE = Automatic;
				INFOPLIST_FILE = "Email Login PageTests/Info.plist";
				IPHONEOS_DEPLOYMENT_TARGET = 13.6;
				LD_RUNPATH_SEARCH_PATHS = (
					"$(inherited)",
					"@executable_path/Frameworks",
					"@loader_path/Frameworks",
				);
				PRODUCT_BUNDLE_IDENTIFIER = "viettiennguyen.Email-Login-PageTests";
				PRODUCT_NAME = "$(TARGET_NAME)";
				SWIFT_VERSION = 5.0;
				TARGETED_DEVICE_FAMILY = "1,2";
				TEST_HOST = "$(BUILT_PRODUCTS_DIR)/Email Login Page.app/Email Login Page";
			};
			name = Debug;
		};
		768427D224ECC0DE00F93F0A /* Release */ = {
			isa = XCBuildConfiguration;
			baseConfigurationReference = 77FC48CA68A41338B0046989 /* Pods-Email Login PageTests.release.xcconfig */;
			buildSettings = {
				ALWAYS_EMBED_SWIFT_STANDARD_LIBRARIES = YES;
				BUNDLE_LOADER = "$(TEST_HOST)";
				CODE_SIGN_STYLE = Automatic;
				INFOPLIST_FILE = "Email Login PageTests/Info.plist";
				IPHONEOS_DEPLOYMENT_TARGET = 13.6;
				LD_RUNPATH_SEARCH_PATHS = (
					"$(inherited)",
					"@executable_path/Frameworks",
					"@loader_path/Frameworks",
				);
				PRODUCT_BUNDLE_IDENTIFIER = "viettiennguyen.Email-Login-PageTests";
				PRODUCT_NAME = "$(TARGET_NAME)";
				SWIFT_VERSION = 5.0;
				TARGETED_DEVICE_FAMILY = "1,2";
				TEST_HOST = "$(BUILT_PRODUCTS_DIR)/Email Login Page.app/Email Login Page";
			};
			name = Release;
		};
		768427D424ECC0DE00F93F0A /* Debug */ = {
			isa = XCBuildConfiguration;
			baseConfigurationReference = 332CC246BF2119BD1CEB66EA /* Pods-Email Login Page-Email Login PageUITests.debug.xcconfig */;
			buildSettings = {
				ALWAYS_EMBED_SWIFT_STANDARD_LIBRARIES = YES;
				CODE_SIGN_STYLE = Automatic;
				INFOPLIST_FILE = "Email Login PageUITests/Info.plist";
				LD_RUNPATH_SEARCH_PATHS = (
					"$(inherited)",
					"@executable_path/Frameworks",
					"@loader_path/Frameworks",
				);
				PRODUCT_BUNDLE_IDENTIFIER = "viettiennguyen.Email-Login-PageUITests";
				PRODUCT_NAME = "$(TARGET_NAME)";
				SWIFT_VERSION = 5.0;
				TARGETED_DEVICE_FAMILY = "1,2";
				TEST_TARGET_NAME = "Email Login Page";
			};
			name = Debug;
		};
		768427D524ECC0DE00F93F0A /* Release */ = {
			isa = XCBuildConfiguration;
			baseConfigurationReference = 556AC5ACA4F1AF34EF4F81C0 /* Pods-Email Login Page-Email Login PageUITests.release.xcconfig */;
			buildSettings = {
				ALWAYS_EMBED_SWIFT_STANDARD_LIBRARIES = YES;
				CODE_SIGN_STYLE = Automatic;
				INFOPLIST_FILE = "Email Login PageUITests/Info.plist";
				LD_RUNPATH_SEARCH_PATHS = (
					"$(inherited)",
					"@executable_path/Frameworks",
					"@loader_path/Frameworks",
				);
				PRODUCT_BUNDLE_IDENTIFIER = "viettiennguyen.Email-Login-PageUITests";
				PRODUCT_NAME = "$(TARGET_NAME)";
				SWIFT_VERSION = 5.0;
				TARGETED_DEVICE_FAMILY = "1,2";
				TEST_TARGET_NAME = "Email Login Page";
			};
			name = Release;
		};
/* End XCBuildConfiguration section */

/* Begin XCConfigurationList section */
		7684279E24ECC0DA00F93F0A /* Build configuration list for PBXProject "Email Login Page" */ = {
			isa = XCConfigurationList;
			buildConfigurations = (
				768427CB24ECC0DE00F93F0A /* Debug */,
				768427CC24ECC0DE00F93F0A /* Release */,
			);
			defaultConfigurationIsVisible = 0;
			defaultConfigurationName = Release;
		};
		768427CD24ECC0DE00F93F0A /* Build configuration list for PBXNativeTarget "Email Login Page" */ = {
			isa = XCConfigurationList;
			buildConfigurations = (
				768427CE24ECC0DE00F93F0A /* Debug */,
				768427CF24ECC0DE00F93F0A /* Release */,
			);
			defaultConfigurationIsVisible = 0;
			defaultConfigurationName = Release;
		};
		768427D024ECC0DE00F93F0A /* Build configuration list for PBXNativeTarget "Email Login PageTests" */ = {
			isa = XCConfigurationList;
			buildConfigurations = (
				768427D124ECC0DE00F93F0A /* Debug */,
				768427D224ECC0DE00F93F0A /* Release */,
			);
			defaultConfigurationIsVisible = 0;
			defaultConfigurationName = Release;
		};
		768427D324ECC0DE00F93F0A /* Build configuration list for PBXNativeTarget "Email Login PageUITests" */ = {
			isa = XCConfigurationList;
			buildConfigurations = (
				768427D424ECC0DE00F93F0A /* Debug */,
				768427D524ECC0DE00F93F0A /* Release */,
			);
			defaultConfigurationIsVisible = 0;
			defaultConfigurationName = Release;
		};
/* End XCConfigurationList section */
	};
	rootObject = 7684279B24ECC0DA00F93F0A /* Project object */;
}
